
Microsoft Visual Studio Solution File, Format Version 12.00
# Visual Studio Version 17
VisualStudioVersion = 17.4.33213.308
MinimumVisualStudioVersion = 10.0.40219.1
Project("{FAE04EC0-301F-11D3-BF4B-00C04F79EFBC}") = "Zadanie_5", "Zadanie_5\Zadanie_5.csproj", "{41061F8A-F320-496E-94D0-A57FB5C34335}"
EndProject
Global
	GlobalSection(SolutionConfigurationPlatforms) = preSolution
		Debug|Any CPU = Debug|Any CPU
		Release|Any CPU = Release|Any CPU
	EndGlobalSection
	GlobalSection(ProjectConfigurationPlatforms) = postSolution
		{41061F8A-F320-496E-94D0-A57FB5C34335}.Debug|Any CPU.ActiveCfg = Debug|Any CPU
		{41061F8A-F320-496E-94D0-A57FB5C34335}.Debug|Any CPU.Build.0 = Debug|Any CPU
		{41061F8A-F320-496E-94D0-A57FB5C34335}.Release|Any CPU.ActiveCfg = Release|Any CPU
		{41061F8A-F320-496E-94D0-A57FB5C34335}.Release|Any CPU.Build.0 = Release|Any CPU
	EndGlobalSection
	GlobalSection(SolutionProperties) = preSolution
		HideSolutionNode = FALSE
	EndGlobalSection
	GlobalSection(ExtensibilityGlobals) = postSolution
		SolutionGuid = {E0BBE29D-5C5B-4FEA-B40C-E20FB9030073}
	EndGlobalSection
EndGlobal
