
Microsoft Visual Studio Solution File, Format Version 12.00
# Visual Studio Version 17
VisualStudioVersion = 17.4.33213.308
MinimumVisualStudioVersion = 10.0.40219.1
Project("{FAE04EC0-301F-11D3-BF4B-00C04F79EFBC}") = "Zadanie_7", "Zadanie_7\Zadanie_7.csproj", "{565CB050-95A4-4315-A93E-B4C6C0753853}"
EndProject
Global
	GlobalSection(SolutionConfigurationPlatforms) = preSolution
		Debug|Any CPU = Debug|Any CPU
		Release|Any CPU = Release|Any CPU
	EndGlobalSection
	GlobalSection(ProjectConfigurationPlatforms) = postSolution
		{565CB050-95A4-4315-A93E-B4C6C0753853}.Debug|Any CPU.ActiveCfg = Debug|Any CPU
		{565CB050-95A4-4315-A93E-B4C6C0753853}.Debug|Any CPU.Build.0 = Debug|Any CPU
		{565CB050-95A4-4315-A93E-B4C6C0753853}.Release|Any CPU.ActiveCfg = Release|Any CPU
		{565CB050-95A4-4315-A93E-B4C6C0753853}.Release|Any CPU.Build.0 = Release|Any CPU
	EndGlobalSection
	GlobalSection(SolutionProperties) = preSolution
		HideSolutionNode = FALSE
	EndGlobalSection
	GlobalSection(ExtensibilityGlobals) = postSolution
		SolutionGuid = {1D34E3B8-3239-4828-9E41-C606F6B36A4E}
	EndGlobalSection
EndGlobal
